
Microsoft Visual Studio Solution File, Format Version 12.00
# Visual Studio Version 17
VisualStudioVersion = 17.12.35417.141
MinimumVisualStudioVersion = 10.0.40219.1
Project("{FAE04EC0-301F-11D3-BF4B-00C04F79EFBC}") = "CSharpEğitimKampi301.EntityLayer", "CSharpEğitimKampi301.EntityLayer\CSharpEğitimKampi301.EntityLayer.csproj", "{C2C4197B-BFCD-446F-AD00-A5AF7D7F3ACF}"
EndProject
Project("{FAE04EC0-301F-11D3-BF4B-00C04F79EFBC}") = "CSharpEğitimKampi301.DataAccessLayer", "CSharpEğitimKampi301.DataAccessLayer\CSharpEğitimKampi301.DataAccessLayer.csproj", "{016301B1-7528-4733-A67B-E9685B5FA8D7}"
EndProject
Project("{FAE04EC0-301F-11D3-BF4B-00C04F79EFBC}") = "CSharpEğitimKampi301.BusinessLayer", "CSharpEğitimKampi301.BusinessLayer\CSharpEğitimKampi301.BusinessLayer.csproj", "{F9C2206C-7975-436A-99E1-5175EBAF0FA7}"
EndProject
Project("{FAE04EC0-301F-11D3-BF4B-00C04F79EFBC}") = "CSharpEğitimKampi301.PresentationLayer", "CSharpEğitimKampi301.PresentationLayer\CSharpEğitimKampi301.PresentationLayer.csproj", "{EBE3D516-53FD-44DD-8FEF-C9D7291E3AE3}"
EndProject
Project("{FAE04EC0-301F-11D3-BF4B-00C04F79EFBC}") = "CSharpEğitimKampi301.EFProject", "CSharpEğitimKampi301.EFProject\CSharpEğitimKampi301.EFProject.csproj", "{C065CCE7-6160-48F0-B0AA-618F2FD786AD}"
EndProject
Global
	GlobalSection(SolutionConfigurationPlatforms) = preSolution
		Debug|Any CPU = Debug|Any CPU
		Release|Any CPU = Release|Any CPU
	EndGlobalSection
	GlobalSection(ProjectConfigurationPlatforms) = postSolution
		{C2C4197B-BFCD-446F-AD00-A5AF7D7F3ACF}.Debug|Any CPU.ActiveCfg = Debug|Any CPU
		{C2C4197B-BFCD-446F-AD00-A5AF7D7F3ACF}.Debug|Any CPU.Build.0 = Debug|Any CPU
		{C2C4197B-BFCD-446F-AD00-A5AF7D7F3ACF}.Release|Any CPU.ActiveCfg = Release|Any CPU
		{C2C4197B-BFCD-446F-AD00-A5AF7D7F3ACF}.Release|Any CPU.Build.0 = Release|Any CPU
		{016301B1-7528-4733-A67B-E9685B5FA8D7}.Debug|Any CPU.ActiveCfg = Debug|Any CPU
		{016301B1-7528-4733-A67B-E9685B5FA8D7}.Debug|Any CPU.Build.0 = Debug|Any CPU
		{016301B1-7528-4733-A67B-E9685B5FA8D7}.Release|Any CPU.ActiveCfg = Release|Any CPU
		{016301B1-7528-4733-A67B-E9685B5FA8D7}.Release|Any CPU.Build.0 = Release|Any CPU
		{F9C2206C-7975-436A-99E1-5175EBAF0FA7}.Debug|Any CPU.ActiveCfg = Debug|Any CPU
		{F9C2206C-7975-436A-99E1-5175EBAF0FA7}.Debug|Any CPU.Build.0 = Debug|Any CPU
		{F9C2206C-7975-436A-99E1-5175EBAF0FA7}.Release|Any CPU.ActiveCfg = Release|Any CPU
		{F9C2206C-7975-436A-99E1-5175EBAF0FA7}.Release|Any CPU.Build.0 = Release|Any CPU
		{EBE3D516-53FD-44DD-8FEF-C9D7291E3AE3}.Debug|Any CPU.ActiveCfg = Debug|Any CPU
		{EBE3D516-53FD-44DD-8FEF-C9D7291E3AE3}.Debug|Any CPU.Build.0 = Debug|Any CPU
		{EBE3D516-53FD-44DD-8FEF-C9D7291E3AE3}.Release|Any CPU.ActiveCfg = Release|Any CPU
		{EBE3D516-53FD-44DD-8FEF-C9D7291E3AE3}.Release|Any CPU.Build.0 = Release|Any CPU
		{C065CCE7-6160-48F0-B0AA-618F2FD786AD}.Debug|Any CPU.ActiveCfg = Debug|Any CPU
		{C065CCE7-6160-48F0-B0AA-618F2FD786AD}.Debug|Any CPU.Build.0 = Debug|Any CPU
		{C065CCE7-6160-48F0-B0AA-618F2FD786AD}.Release|Any CPU.ActiveCfg = Release|Any CPU
		{C065CCE7-6160-48F0-B0AA-618F2FD786AD}.Release|Any CPU.Build.0 = Release|Any CPU
	EndGlobalSection
	GlobalSection(SolutionProperties) = preSolution
		HideSolutionNode = FALSE
	EndGlobalSection
EndGlobal
